
Microsoft Visual Studio Solution File, Format Version 12.00
# Visual Studio 15
VisualStudioVersion = 15.0.28010.2036
MinimumVisualStudioVersion = 10.0.40219.1
Project("{FAE04EC0-301F-11D3-BF4B-00C04F79EFBC}") = "RestServiceTest", "RestServiceTest\RestServiceTest.csproj", "{E9A3E69D-8EAA-4296-AFBE-9679DE5C0FDF}"
EndProject
Project("{FAE04EC0-301F-11D3-BF4B-00C04F79EFBC}") = "ClassLibrary", "ClassLibrary\ClassLibrary.csproj", "{E4FA2307-0A1B-4598-AFC7-B8E928D0A789}"
EndProject
Project("{FAE04EC0-301F-11D3-BF4B-00C04F79EFBC}") = "RestCustomerConsumer", "RestCustomerConsumer\RestCustomerConsumer.csproj", "{2AD269EA-EAAD-423E-BD2F-4877FA054436}"
EndProject
Project("{FAE04EC0-301F-11D3-BF4B-00C04F79EFBC}") = "RestCustomerServiceTest", "RestCustomerServiceTest\RestCustomerServiceTest.csproj", "{9788A87C-90B0-4227-9D9D-3FD7365F3935}"
EndProject
Global
	GlobalSection(SolutionConfigurationPlatforms) = preSolution
		Debug|Any CPU = Debug|Any CPU
		Release|Any CPU = Release|Any CPU
	EndGlobalSection
	GlobalSection(ProjectConfigurationPlatforms) = postSolution
		{E9A3E69D-8EAA-4296-AFBE-9679DE5C0FDF}.Debug|Any CPU.ActiveCfg = Debug|Any CPU
		{E9A3E69D-8EAA-4296-AFBE-9679DE5C0FDF}.Debug|Any CPU.Build.0 = Debug|Any CPU
		{E9A3E69D-8EAA-4296-AFBE-9679DE5C0FDF}.Release|Any CPU.ActiveCfg = Release|Any CPU
		{E9A3E69D-8EAA-4296-AFBE-9679DE5C0FDF}.Release|Any CPU.Build.0 = Release|Any CPU
		{E4FA2307-0A1B-4598-AFC7-B8E928D0A789}.Debug|Any CPU.ActiveCfg = Debug|Any CPU
		{E4FA2307-0A1B-4598-AFC7-B8E928D0A789}.Debug|Any CPU.Build.0 = Debug|Any CPU
		{E4FA2307-0A1B-4598-AFC7-B8E928D0A789}.Release|Any CPU.ActiveCfg = Release|Any CPU
		{E4FA2307-0A1B-4598-AFC7-B8E928D0A789}.Release|Any CPU.Build.0 = Release|Any CPU
		{2AD269EA-EAAD-423E-BD2F-4877FA054436}.Debug|Any CPU.ActiveCfg = Debug|Any CPU
		{2AD269EA-EAAD-423E-BD2F-4877FA054436}.Debug|Any CPU.Build.0 = Debug|Any CPU
		{2AD269EA-EAAD-423E-BD2F-4877FA054436}.Release|Any CPU.ActiveCfg = Release|Any CPU
		{2AD269EA-EAAD-423E-BD2F-4877FA054436}.Release|Any CPU.Build.0 = Release|Any CPU
		{9788A87C-90B0-4227-9D9D-3FD7365F3935}.Debug|Any CPU.ActiveCfg = Debug|Any CPU
		{9788A87C-90B0-4227-9D9D-3FD7365F3935}.Debug|Any CPU.Build.0 = Debug|Any CPU
		{9788A87C-90B0-4227-9D9D-3FD7365F3935}.Release|Any CPU.ActiveCfg = Release|Any CPU
		{9788A87C-90B0-4227-9D9D-3FD7365F3935}.Release|Any CPU.Build.0 = Release|Any CPU
	EndGlobalSection
	GlobalSection(SolutionProperties) = preSolution
		HideSolutionNode = FALSE
	EndGlobalSection
	GlobalSection(ExtensibilityGlobals) = postSolution
		SolutionGuid = {D70A5C2B-4C0E-4740-B13A-D72995D091F6}
	EndGlobalSection
EndGlobal
